
Microsoft Visual Studio Solution File, Format Version 12.00
# Visual Studio Version 17
VisualStudioVersion = 17.3.32901.215
MinimumVisualStudioVersion = 10.0.40219.1
Project("{8BC9CEB8-8B4A-11D0-8D11-00A0C91BC942}") = "Console Telephone Directory", "Console Telephone Directory\Console Telephone Directory.vcxproj", "{5120CD58-7157-4EF4-8BD4-F4FCAFA26FFE}"
EndProject
Global
	GlobalSection(SolutionConfigurationPlatforms) = preSolution
		Debug|x64 = Debug|x64
		Debug|x86 = Debug|x86
		Release|x64 = Release|x64
		Release|x86 = Release|x86
	EndGlobalSection
	GlobalSection(ProjectConfigurationPlatforms) = postSolution
		{5120CD58-7157-4EF4-8BD4-F4FCAFA26FFE}.Debug|x64.ActiveCfg = Debug|x64
		{5120CD58-7157-4EF4-8BD4-F4FCAFA26FFE}.Debug|x64.Build.0 = Debug|x64
		{5120CD58-7157-4EF4-8BD4-F4FCAFA26FFE}.Debug|x86.ActiveCfg = Debug|Win32
		{5120CD58-7157-4EF4-8BD4-F4FCAFA26FFE}.Debug|x86.Build.0 = Debug|Win32
		{5120CD58-7157-4EF4-8BD4-F4FCAFA26FFE}.Release|x64.ActiveCfg = Release|x64
		{5120CD58-7157-4EF4-8BD4-F4FCAFA26FFE}.Release|x64.Build.0 = Release|x64
		{5120CD58-7157-4EF4-8BD4-F4FCAFA26FFE}.Release|x86.ActiveCfg = Release|Win32
		{5120CD58-7157-4EF4-8BD4-F4FCAFA26FFE}.Release|x86.Build.0 = Release|Win32
	EndGlobalSection
	GlobalSection(SolutionProperties) = preSolution
		HideSolutionNode = FALSE
	EndGlobalSection
	GlobalSection(ExtensibilityGlobals) = postSolution
		SolutionGuid = {82C4284E-3CE6-4815-8E26-4CE05954B1C8}
	EndGlobalSection
EndGlobal
